
Microsoft Visual Studio Solution File, Format Version 12.00
# Visual Studio Version 17
VisualStudioVersion = 17.14.37628.2 d17.14
MinimumVisualStudioVersion = 10.0.40219.1
Project("{FAE04EC0-301F-11D3-BF4B-00C04F79EFBC}") = "DeconstructionLib", "DeconstructionLib\DeconstructionLib.csproj", "{5C71833F-B8A2-4C4C-90C1-CAFCA70745B7}"
EndProject
Project("{FAE04EC0-301F-11D3-BF4B-00C04F79EFBC}") = "CakeBuild", "ZZCakeBuild\CakeBuild.csproj", "{64502EC3-E39B-4AAB-9967-773624D76266}"
EndProject
Global
	GlobalSection(SolutionConfigurationPlatforms) = preSolution
		Debug|Any CPU = Debug|Any CPU
		Release|Any CPU = Release|Any CPU
	EndGlobalSection
	GlobalSection(ProjectConfigurationPlatforms) = postSolution
		{5C71833F-B8A2-4C4C-90C1-CAFCA70745B7}.Debug|Any CPU.ActiveCfg = Debug|Any CPU
		{5C71833F-B8A2-4C4C-90C1-CAFCA70745B7}.Debug|Any CPU.Build.0 = Debug|Any CPU
		{5C71833F-B8A2-4C4C-90C1-CAFCA70745B7}.Release|Any CPU.ActiveCfg = Release|Any CPU
		{5C71833F-B8A2-4C4C-90C1-CAFCA70745B7}.Release|Any CPU.Build.0 = Release|Any CPU
		{64502EC3-E39B-4AAB-9967-773624D76266}.Debug|Any CPU.ActiveCfg = Debug|Any CPU
		{64502EC3-E39B-4AAB-9967-773624D76266}.Debug|Any CPU.Build.0 = Debug|Any CPU
		{64502EC3-E39B-4AAB-9967-773624D76266}.Release|Any CPU.ActiveCfg = Release|Any CPU
		{64502EC3-E39B-4AAB-9967-773624D76266}.Release|Any CPU.Build.0 = Release|Any CPU
	EndGlobalSection
	GlobalSection(SolutionProperties) = preSolution
		HideSolutionNode = FALSE
	EndGlobalSection
	GlobalSection(ExtensibilityGlobals) = postSolution
		SolutionGuid = {05201603-650A-4627-B18C-D99EFDE10050}
	EndGlobalSection
EndGlobal
